
Microsoft Visual Studio Solution File, Format Version 12.00
# Visual Studio Version 17
VisualStudioVersion = 17.1.32407.343
MinimumVisualStudioVersion = 10.0.40219.1
Project("{8BC9CEB8-8B4A-11D0-8D11-00A0C91BC942}") = "yandex-prank", "yandex-prank\yandex-prank.vcxproj", "{A94654E7-A7FC-4BDD-9CB6-F789162B2CD4}"
EndProject
Global
	GlobalSection(SolutionConfigurationPlatforms) = preSolution
		Debug|x64 = Debug|x64
		Debug|x86 = Debug|x86
		Release|x64 = Release|x64
		Release|x86 = Release|x86
	EndGlobalSection
	GlobalSection(ProjectConfigurationPlatforms) = postSolution
		{A94654E7-A7FC-4BDD-9CB6-F789162B2CD4}.Debug|x64.ActiveCfg = Debug|x64
		{A94654E7-A7FC-4BDD-9CB6-F789162B2CD4}.Debug|x64.Build.0 = Debug|x64
		{A94654E7-A7FC-4BDD-9CB6-F789162B2CD4}.Debug|x86.ActiveCfg = Debug|Win32
		{A94654E7-A7FC-4BDD-9CB6-F789162B2CD4}.Debug|x86.Build.0 = Debug|Win32
		{A94654E7-A7FC-4BDD-9CB6-F789162B2CD4}.Release|x64.ActiveCfg = Release|x64
		{A94654E7-A7FC-4BDD-9CB6-F789162B2CD4}.Release|x64.Build.0 = Release|x64
		{A94654E7-A7FC-4BDD-9CB6-F789162B2CD4}.Release|x86.ActiveCfg = Release|Win32
		{A94654E7-A7FC-4BDD-9CB6-F789162B2CD4}.Release|x86.Build.0 = Release|Win32
	EndGlobalSection
	GlobalSection(SolutionProperties) = preSolution
		HideSolutionNode = FALSE
	EndGlobalSection
	GlobalSection(ExtensibilityGlobals) = postSolution
		SolutionGuid = {384ED881-D835-4DA4-839F-E9586AD710C7}
	EndGlobalSection
EndGlobal
